<?xml version="1.0" encoding="utf-8"?>
<Project ToolsVersion="4.0" xmlns="http://schemas.microsoft.com/developer/msbuild/2003">
  <ItemGroup>
    <Filter Include="源文件">
      <UniqueIdentifier>{4FC737F1-C7A5-4376-A066-2A32D752A2FF}</UniqueIdentifier>
      <Extensions>cpp;c;cc;cxx;def;odl;idl;hpj;bat;asm;asmx</Extensions>
    </Filter>
    <Filter Include="头文件">
      <UniqueIdentifier>{93995380-89BD-4b04-88EB-625FBE52EBFB}</UniqueIdentifier>
      <Extensions>h;hpp;hxx;hm;inl;inc;xsd</Extensions>
    </Filter>
    <Filter Include="资源文件">
      <UniqueIdentifier>{67DA6AB6-F800-4c08-8B7A-83BB121AAD01}</UniqueIdentifier>
      <Extensions>rc;ico;cur;bmp;dlg;rc2;rct;bin;rgs;gif;jpg;jpeg;jpe;resx;tiff;tif;png;wav;mfcribbon-ms</Extensions>
    </Filter>
    <Filter Include="头文件\Tool">
      <UniqueIdentifier>{fda0539a-277c-4a6e-872b-d3b728fc2a65}</UniqueIdentifier>
    </Filter>
    <Filter Include="头文件\Element">
      <UniqueIdentifier>{f52d9c24-d884-4e28-87ca-96eb25572d42}</UniqueIdentifier>
    </Filter>
    <Filter Include="源文件\Element">
      <UniqueIdentifier>{e6acfb16-e147-42a4-8f5c-e66d8790995a}</UniqueIdentifier>
    </Filter>
    <Filter Include="源文件\Tool">
      <UniqueIdentifier>{b8e063d9-c3f8-4ce0-96b7-99e01bf0a374}</UniqueIdentifier>
    </Filter>
    <Filter Include="源文件\Common">
      <UniqueIdentifier>{561672b9-00d9-42b4-bb80-16fc606b102e}</UniqueIdentifier>
    </Filter>
    <Filter Include="头文件\Common">
      <UniqueIdentifier>{f1ad9c79-dc98-4e28-8ab6-dc59cb8acee2}</UniqueIdentifier>
    </Filter>
    <Filter Include="头文件\Dialog">
      <UniqueIdentifier>{3748f537-6eec-4d57-aa7e-78844a5496a7}</UniqueIdentifier>
    </Filter>
    <Filter Include="源文件\Dialog">
      <UniqueIdentifier>{67440813-8800-487f-a521-5ca1605a74f9}</UniqueIdentifier>
    </Filter>
    <Filter Include="头文件\Solver">
      <UniqueIdentifier>{61582909-e875-45c7-85f1-48bab2f4a75b}</UniqueIdentifier>
    </Filter>
    <Filter Include="源文件\Solver">
      <UniqueIdentifier>{091bb2a2-18f7-4ef5-94ae-eb2d789c4b9f}</UniqueIdentifier>
    </Filter>
    <Filter Include="头文件\Control">
      <UniqueIdentifier>{85500cbc-c014-4734-9ec7-b1d191702bc5}</UniqueIdentifier>
    </Filter>
    <Filter Include="源文件\gif">
      <UniqueIdentifier>{3b9ce7cc-7b8a-428b-a148-7929994879b8}</UniqueIdentifier>
    </Filter>
    <Filter Include="头文件\gif">
      <UniqueIdentifier>{c49d89c4-b0f8-4b40-814c-6ef2251b4036}</UniqueIdentifier>
    </Filter>
    <Filter Include="源文件\Control">
      <UniqueIdentifier>{7015cd75-97e4-4505-85f2-0de281593eb3}</UniqueIdentifier>
    </Filter>
  </ItemGroup>
  <ItemGroup>
    <ClCompile Include="main.cpp">
      <Filter>源文件</Filter>
    </ClCompile>
    <ClCompile Include="TConfiguration.cpp">
      <Filter>源文件</Filter>
    </ClCompile>
    <ClCompile Include="gifenc\gifenc.c">
      <Filter>源文件\gif</Filter>
    </ClCompile>
    <ClCompile Include="Dialog\DialogAbout.cpp">
      <Filter>源文件\Dialog</Filter>
    </ClCompile>
    <ClCompile Include="Dialog\DialogAddDriver.cpp">
      <Filter>源文件\Dialog</Filter>
    </ClCompile>
    <ClCompile Include="Dialog\DialogAnimation.cpp">
      <Filter>源文件\Dialog</Filter>
    </ClCompile>
    <ClCompile Include="Dialog\DialogOption.cpp">
      <Filter>源文件\Dialog</Filter>
    </ClCompile>
    <ClCompile Include="Dialog\DialogScore.cpp">
      <Filter>源文件\Dialog</Filter>
    </ClCompile>
    <ClCompile Include="Dialog\DialogStudent.cpp">
      <Filter>源文件\Dialog</Filter>
    </ClCompile>
    <ClCompile Include="Tool\TBarTool.cpp">
      <Filter>源文件\Tool</Filter>
    </ClCompile>
    <ClCompile Include="Tool\TDragTool.cpp">
      <Filter>源文件\Tool</Filter>
    </ClCompile>
    <ClCompile Include="Tool\TFramePointTool.cpp">
      <Filter>源文件\Tool</Filter>
    </ClCompile>
    <ClCompile Include="Tool\TManageTool.cpp">
      <Filter>源文件\Control</Filter>
    </ClCompile>
    <ClCompile Include="Tool\TPolylineBarTool.cpp">
      <Filter>源文件\Tool</Filter>
    </ClCompile>
    <ClCompile Include="Tool\TSelectTool.cpp">
      <Filter>源文件\Tool</Filter>
    </ClCompile>
    <ClCompile Include="Tool\TSliderTool.cpp">
      <Filter>源文件\Tool</Filter>
    </ClCompile>
    <ClCompile Include="Tool\TSlidewayTool.cpp">
      <Filter>源文件\Tool</Filter>
    </ClCompile>
    <ClCompile Include="Tool\TTool.cpp">
      <Filter>源文件\Tool</Filter>
    </ClCompile>
    <ClCompile Include="Tool\TLineTool.cpp">
      <Filter>源文件\Tool</Filter>
    </ClCompile>
    <ClCompile Include="Element\TBar.cpp">
      <Filter>源文件\Element</Filter>
    </ClCompile>
    <ClCompile Include="Element\TConstraint.cpp">
      <Filter>源文件\Element</Filter>
    </ClCompile>
    <ClCompile Include="Element\TConstraintCoincide.cpp">
      <Filter>源文件\Element</Filter>
    </ClCompile>
    <ClCompile Include="Element\TConstraintColinear.cpp">
      <Filter>源文件\Element</Filter>
    </ClCompile>
    <ClCompile Include="Element\TElement.cpp">
      <Filter>源文件\Element</Filter>
    </ClCompile>
    <ClCompile Include="Element\TFramePoint.cpp">
      <Filter>源文件\Element</Filter>
    </ClCompile>
    <ClCompile Include="Element\TLine.cpp">
      <Filter>源文件\Element</Filter>
    </ClCompile>
    <ClCompile Include="Element\TPolylineBar.cpp">
      <Filter>源文件\Element</Filter>
    </ClCompile>
    <ClCompile Include="Element\TRealLine.cpp">
      <Filter>源文件\Element</Filter>
    </ClCompile>
    <ClCompile Include="Element\TSlider.cpp">
      <Filter>源文件\Element</Filter>
    </ClCompile>
    <ClCompile Include="Element\TSlideway.cpp">
      <Filter>源文件\Element</Filter>
    </ClCompile>
    <ClCompile Include="Control\TButton.cpp">
      <Filter>源文件\Control</Filter>
    </ClCompile>
    <ClCompile Include="Control\TCanvas.cpp">
      <Filter>源文件\Control</Filter>
    </ClCompile>
    <ClCompile Include="Control\TCheckBox.cpp">
      <Filter>源文件\Control</Filter>
    </ClCompile>
    <ClCompile Include="Control\TConsole.cpp">
      <Filter>源文件\Control</Filter>
    </ClCompile>
    <ClCompile Include="Control\TConsoleEdit.cpp">
      <Filter>源文件\Control</Filter>
    </ClCompile>
    <ClCompile Include="Control\TControl.cpp">
      <Filter>源文件\Control</Filter>
    </ClCompile>
    <ClCompile Include="Control\TEdit.cpp">
      <Filter>源文件\Control</Filter>
    </ClCompile>
    <ClCompile Include="Control\TGraph.cpp">
      <Filter>源文件\Control</Filter>
    </ClCompile>
    <ClCompile Include="Control\TLineEdit.cpp">
      <Filter>源文件\Control</Filter>
    </ClCompile>
    <ClCompile Include="Control\TListBox.cpp">
      <Filter>源文件\Control</Filter>
    </ClCompile>
    <ClCompile Include="Control\TListView.cpp">
      <Filter>源文件\Control</Filter>
    </ClCompile>
    <ClCompile Include="Control\TListViewEdit.cpp">
      <Filter>源文件\Control</Filter>
    </ClCompile>
    <ClCompile Include="Control\TMainWindow.cpp">
      <Filter>源文件\Control</Filter>
    </ClCompile>
    <ClCompile Include="Control\TRightWindow.cpp">
      <Filter>源文件\Control</Filter>
    </ClCompile>
    <ClCompile Include="Control\TStatus.cpp">
      <Filter>源文件\Control</Filter>
    </ClCompile>
    <ClCompile Include="Control\TToolbar.cpp">
      <Filter>源文件\Control</Filter>
    </ClCompile>
    <ClCompile Include="Control\TToolTip.cpp">
      <Filter>源文件\Control</Filter>
    </ClCompile>
    <ClCompile Include="Control\TTrackbar.cpp">
      <Filter>源文件\Control</Filter>
    </ClCompile>
    <ClCompile Include="Control\TTreeView.cpp">
      <Filter>源文件\Control</Filter>
    </ClCompile>
    <ClCompile Include="Control\TWindow.cpp">
      <Filter>源文件\Control</Filter>
    </ClCompile>
    <ClCompile Include="Solver\TEquations.cpp">
      <Filter>源文件\Solver</Filter>
    </ClCompile>
    <ClCompile Include="Solver\TExpressionTree.cpp">
      <Filter>源文件\Solver</Filter>
    </ClCompile>
    <ClCompile Include="Solver\TSolver.cpp">
      <Filter>源文件\Solver</Filter>
    </ClCompile>
    <ClCompile Include="Solver\TVariableTable.cpp">
      <Filter>源文件\Solver</Filter>
    </ClCompile>
    <ClCompile Include="Common\DetectMemoryLeak.cpp">
      <Filter>头文件</Filter>
    </ClCompile>
    <ClCompile Include="Common\FileFunction.cpp">
      <Filter>源文件\Common</Filter>
    </ClCompile>
    <ClCompile Include="Common\MyMath.cpp">
      <Filter>源文件\Common</Filter>
    </ClCompile>
    <ClCompile Include="Common\RegisterFunction.cpp">
      <Filter>源文件\Common</Filter>
    </ClCompile>
    <ClCompile Include="Common\ShowMessage.cpp">
      <Filter>源文件\Common</Filter>
    </ClCompile>
    <ClCompile Include="Common\String.cpp">
      <Filter>源文件\Common</Filter>
    </ClCompile>
    <ClCompile Include="Common\TCHAR_Function.cpp">
      <Filter>源文件\Common</Filter>
    </ClCompile>
    <ClCompile Include="Common\TTransfer.cpp">
      <Filter>源文件\Common</Filter>
    </ClCompile>
    <ClCompile Include="Tool\TConstraintCoincideTool.cpp">
      <Filter>源文件\Tool</Filter>
    </ClCompile>
    <ClCompile Include="Tool\TConstraintColinearTool.cpp">
      <Filter>源文件\Tool</Filter>
    </ClCompile>
    <ClCompile Include="Element\TDriver.cpp">
      <Filter>源文件\Element</Filter>
    </ClCompile>
    <ClCompile Include="Control\TTreeViewContent.cpp">
      <Filter>源文件\Control</Filter>
    </ClCompile>
    <ClCompile Include="Common\DPOINT.cpp">
      <Filter>源文件\Common</Filter>
    </ClCompile>
    <ClCompile Include="Draw\TDraw.cpp">
      <Filter>源文件</Filter>
    </ClCompile>
    <ClCompile Include="Draw\TDrawTranslucent.cpp">
      <Filter>源文件</Filter>
    </ClCompile>
    <ClCompile Include="Draw\TImage.cpp">
      <Filter>源文件</Filter>
    </ClCompile>
    <ClCompile Include="Draw\TOctree.cpp">
      <Filter>源文件\gif</Filter>
    </ClCompile>
    <ClCompile Include="Tool\TAttach.cpp">
      <Filter>源文件</Filter>
    </ClCompile>
    <ClCompile Include="Element\TShape.cpp">
      <Filter>源文件</Filter>
    </ClCompile>
  </ItemGroup>
  <ItemGroup>
    <ClInclude Include="resource.h">
      <Filter>头文件</Filter>
    </ClInclude>
    <ClInclude Include="TConfiguration.h">
      <Filter>头文件</Filter>
    </ClInclude>
    <ClInclude Include="enumCtrlType.h">
      <Filter>头文件\Common</Filter>
    </ClInclude>
    <ClInclude Include="enumError.h">
      <Filter>头文件\Common</Filter>
    </ClInclude>
    <ClInclude Include="global.h">
      <Filter>头文件</Filter>
    </ClInclude>
    <ClInclude Include="tompng.h">
      <Filter>头文件\Common</Filter>
    </ClInclude>
    <ClInclude Include="gifenc\gifenc.h">
      <Filter>头文件\gif</Filter>
    </ClInclude>
    <ClInclude Include="Dialog\DialogAbout.h">
      <Filter>头文件\Dialog</Filter>
    </ClInclude>
    <ClInclude Include="Dialog\DialogAddDriver.h">
      <Filter>头文件\Dialog</Filter>
    </ClInclude>
    <ClInclude Include="Dialog\DialogAnimation.h">
      <Filter>头文件\Dialog</Filter>
    </ClInclude>
    <ClInclude Include="Dialog\DialogOption.h">
      <Filter>头文件\Dialog</Filter>
    </ClInclude>
    <ClInclude Include="Dialog\DialogScore.h">
      <Filter>头文件\Dialog</Filter>
    </ClInclude>
    <ClInclude Include="Dialog\DialogStudent.h">
      <Filter>头文件\Dialog</Filter>
    </ClInclude>
    <ClInclude Include="Tool\TBarTool.h">
      <Filter>头文件\Tool</Filter>
    </ClInclude>
    <ClInclude Include="Tool\TDragTool.h">
      <Filter>头文件\Tool</Filter>
    </ClInclude>
    <ClInclude Include="Tool\TFramePointTool.h">
      <Filter>头文件\Tool</Filter>
    </ClInclude>
    <ClInclude Include="Tool\TManageTool.h">
      <Filter>头文件\Control</Filter>
    </ClInclude>
    <ClInclude Include="Tool\TPolylineBarTool.h">
      <Filter>头文件\Tool</Filter>
    </ClInclude>
    <ClInclude Include="Tool\TSelectTool.h">
      <Filter>头文件\Tool</Filter>
    </ClInclude>
    <ClInclude Include="Tool\TSliderTool.h">
      <Filter>头文件\Tool</Filter>
    </ClInclude>
    <ClInclude Include="Tool\TSlidewayTool.h">
      <Filter>头文件\Tool</Filter>
    </ClInclude>
    <ClInclude Include="Tool\TTool.h">
      <Filter>头文件\Tool</Filter>
    </ClInclude>
    <ClInclude Include="Tool\TLineTool.h">
      <Filter>头文件\Tool</Filter>
    </ClInclude>
    <ClInclude Include="Element\TBar.h">
      <Filter>头文件\Element</Filter>
    </ClInclude>
    <ClInclude Include="Element\TConstraint.h">
      <Filter>头文件\Element</Filter>
    </ClInclude>
    <ClInclude Include="Element\TConstraintCoincide.h">
      <Filter>头文件\Element</Filter>
    </ClInclude>
    <ClInclude Include="Element\TConstraintColinear.h">
      <Filter>头文件\Element</Filter>
    </ClInclude>
    <ClInclude Include="Element\TElement.h">
      <Filter>头文件\Element</Filter>
    </ClInclude>
    <ClInclude Include="Element\TFramePoint.h">
      <Filter>头文件\Element</Filter>
    </ClInclude>
    <ClInclude Include="Element\TLine.h">
      <Filter>头文件\Element</Filter>
    </ClInclude>
    <ClInclude Include="Element\TPolylineBar.h">
      <Filter>头文件\Element</Filter>
    </ClInclude>
    <ClInclude Include="Element\TRealLine.h">
      <Filter>头文件\Element</Filter>
    </ClInclude>
    <ClInclude Include="Element\TSlider.h">
      <Filter>头文件\Element</Filter>
    </ClInclude>
    <ClInclude Include="Element\TSlideway.h">
      <Filter>头文件\Element</Filter>
    </ClInclude>
    <ClInclude Include="Control\TButton.h">
      <Filter>头文件\Control</Filter>
    </ClInclude>
    <ClInclude Include="Control\TCanvas.h">
      <Filter>头文件\Control</Filter>
    </ClInclude>
    <ClInclude Include="Control\TCheckBox.h">
      <Filter>头文件\Control</Filter>
    </ClInclude>
    <ClInclude Include="Control\TConsole.h">
      <Filter>头文件\Control</Filter>
    </ClInclude>
    <ClInclude Include="Control\TConsoleEdit.h">
      <Filter>头文件\Control</Filter>
    </ClInclude>
    <ClInclude Include="Control\TControl.h">
      <Filter>头文件\Control</Filter>
    </ClInclude>
    <ClInclude Include="Control\TEdit.h">
      <Filter>头文件\Control</Filter>
    </ClInclude>
    <ClInclude Include="Control\TGraph.h">
      <Filter>头文件\Control</Filter>
    </ClInclude>
    <ClInclude Include="Control\TLineEdit.h">
      <Filter>头文件\Control</Filter>
    </ClInclude>
    <ClInclude Include="Control\TListBox.h">
      <Filter>头文件\Control</Filter>
    </ClInclude>
    <ClInclude Include="Control\TListView.h">
      <Filter>头文件\Control</Filter>
    </ClInclude>
    <ClInclude Include="Control\TListViewEdit.h">
      <Filter>头文件\Control</Filter>
    </ClInclude>
    <ClInclude Include="Control\TMainWindow.h">
      <Filter>头文件\Control</Filter>
    </ClInclude>
    <ClInclude Include="Control\TRightWindow.h">
      <Filter>头文件\Control</Filter>
    </ClInclude>
    <ClInclude Include="Control\TStatus.h">
      <Filter>头文件\Control</Filter>
    </ClInclude>
    <ClInclude Include="Control\TToolbar.h">
      <Filter>头文件\Control</Filter>
    </ClInclude>
    <ClInclude Include="Control\TToolTip.h">
      <Filter>头文件\Control</Filter>
    </ClInclude>
    <ClInclude Include="Control\TTrackbar.h">
      <Filter>头文件\Control</Filter>
    </ClInclude>
    <ClInclude Include="Control\TTreeView.h">
      <Filter>头文件\Control</Filter>
    </ClInclude>
    <ClInclude Include="Control\TWindow.h">
      <Filter>头文件\Control</Filter>
    </ClInclude>
    <ClInclude Include="Solver\TEquations.h">
      <Filter>头文件\Solver</Filter>
    </ClInclude>
    <ClInclude Include="Solver\TExpressionTree.h">
      <Filter>头文件\Solver</Filter>
    </ClInclude>
    <ClInclude Include="Solver\TSolver.h">
      <Filter>头文件\Solver</Filter>
    </ClInclude>
    <ClInclude Include="Solver\TVariableTable.h">
      <Filter>头文件\Solver</Filter>
    </ClInclude>
    <ClInclude Include="Common\DetectMemoryLeak.h">
      <Filter>头文件</Filter>
    </ClInclude>
    <ClInclude Include="Common\FileFunction.h">
      <Filter>头文件\Common</Filter>
    </ClInclude>
    <ClInclude Include="Common\MyMath.h">
      <Filter>头文件\Common</Filter>
    </ClInclude>
    <ClInclude Include="Common\RegisterFunction.h">
      <Filter>头文件\Common</Filter>
    </ClInclude>
    <ClInclude Include="Common\ShowMessage.h">
      <Filter>头文件\Common</Filter>
    </ClInclude>
    <ClInclude Include="Common\String.h">
      <Filter>头文件\Common</Filter>
    </ClInclude>
    <ClInclude Include="Common\TCHAR_Function.h">
      <Filter>头文件\Common</Filter>
    </ClInclude>
    <ClInclude Include="Common\tchar_head.h">
      <Filter>头文件\Common</Filter>
    </ClInclude>
    <ClInclude Include="Common\TTransfer.h">
      <Filter>头文件\Common</Filter>
    </ClInclude>
    <ClInclude Include="Tool\TConstraintColinearTool.h">
      <Filter>头文件\Tool</Filter>
    </ClInclude>
    <ClInclude Include="Tool\TConstraintCoincideTool.h">
      <Filter>头文件\Tool</Filter>
    </ClInclude>
    <ClInclude Include="Element\TDriver.h">
      <Filter>头文件\Element</Filter>
    </ClInclude>
    <ClInclude Include="Control\TTreeViewContent.h">
      <Filter>头文件\Control</Filter>
    </ClInclude>
    <ClInclude Include="Common\DPOINT.h">
      <Filter>头文件\Common</Filter>
    </ClInclude>
    <ClInclude Include="Draw\TDraw.h">
      <Filter>头文件</Filter>
    </ClInclude>
    <ClInclude Include="Draw\TDrawTranslucent.h">
      <Filter>头文件</Filter>
    </ClInclude>
    <ClInclude Include="Draw\TImage.h">
      <Filter>头文件</Filter>
    </ClInclude>
    <ClInclude Include="Draw\TOctree.h">
      <Filter>头文件\gif</Filter>
    </ClInclude>
    <ClInclude Include="Tool\TAttach.h">
      <Filter>头文件</Filter>
    </ClInclude>
    <ClInclude Include="Element\TShape.h">
      <Filter>头文件</Filter>
    </ClInclude>
  </ItemGroup>
  <ItemGroup>
    <ResourceCompile Include="Linkage Mechanism Laboratory.rc">
      <Filter>资源文件</Filter>
    </ResourceCompile>
  </ItemGroup>
  <ItemGroup>
    <Image Include="Resource\toolbar_mechanism.bmp">
      <Filter>资源文件</Filter>
    </Image>
    <Image Include="Resource\Icon.ico">
      <Filter>资源文件</Filter>
    </Image>
    <Image Include="Resource\Icon_16.ico">
      <Filter>资源文件</Filter>
    </Image>
    <Image Include="Resource\bitmap_show_real.bmp">
      <Filter>资源文件</Filter>
    </Image>
    <Image Include="Resource\bitmap_show_simple.bmp">
      <Filter>资源文件</Filter>
    </Image>
    <Image Include="Resource\file_icon.ico">
      <Filter>资源文件</Filter>
    </Image>
    <Image Include="Resource\BITMAP_THEME_BRIGHT.bmp">
      <Filter>资源文件</Filter>
    </Image>
    <Image Include="Resource\BITMAP_THEME_DARK.bmp">
      <Filter>资源文件</Filter>
    </Image>
    <Image Include="Resource\BITMAP_SCHOOL.bmp">
      <Filter>资源文件</Filter>
    </Image>
    <Image Include="Resource\BITMAP_AXES_HIDE.bmp">
      <Filter>资源文件</Filter>
    </Image>
    <Image Include="Resource\BITMAP_AXES_SHOW.bmp">
      <Filter>资源文件</Filter>
    </Image>
    <Image Include="Resource\PNG_SCHOOL.png">
      <Filter>资源文件</Filter>
    </Image>
  </ItemGroup>
</Project>