
Microsoft Visual Studio Solution File, Format Version 12.00
# Visual Studio Version 16
VisualStudioVersion = 16.0.29519.87
MinimumVisualStudioVersion = 10.0.40219.1
Project("{8BC9CEB8-8B4A-11D0-8D11-00A0C91BC942}") = "LinkageMechanismLaboratory", "LinkageMechanismLaboratory.vcxproj", "{265569DC-34A0-49B3-9BE3-5133199DB24D}"
EndProject
Global
	GlobalSection(SolutionConfigurationPlatforms) = preSolution
		Debug|x64 = Debug|x64
		Debug|x86 = Debug|x86
		Release|x64 = Release|x64
		Release|x86 = Release|x86
		STUDENT Release|x64 = STUDENT Release|x64
		STUDENT Release|x86 = STUDENT Release|x86
		TEACHER Release|x64 = TEACHER Release|x64
		TEACHER Release|x86 = TEACHER Release|x86
	EndGlobalSection
	GlobalSection(ProjectConfigurationPlatforms) = postSolution
		{265569DC-34A0-49B3-9BE3-5133199DB24D}.Debug|x64.ActiveCfg = Debug|x64
		{265569DC-34A0-49B3-9BE3-5133199DB24D}.Debug|x64.Build.0 = Debug|x64
		{265569DC-34A0-49B3-9BE3-5133199DB24D}.Debug|x86.ActiveCfg = Debug|Win32
		{265569DC-34A0-49B3-9BE3-5133199DB24D}.Debug|x86.Build.0 = Debug|Win32
		{265569DC-34A0-49B3-9BE3-5133199DB24D}.Release|x64.ActiveCfg = Release|x64
		{265569DC-34A0-49B3-9BE3-5133199DB24D}.Release|x64.Build.0 = Release|x64
		{265569DC-34A0-49B3-9BE3-5133199DB24D}.Release|x86.ActiveCfg = Release|Win32
		{265569DC-34A0-49B3-9BE3-5133199DB24D}.Release|x86.Build.0 = Release|Win32
		{265569DC-34A0-49B3-9BE3-5133199DB24D}.STUDENT Release|x64.ActiveCfg = STUDENT Release|x64
		{265569DC-34A0-49B3-9BE3-5133199DB24D}.STUDENT Release|x64.Build.0 = STUDENT Release|x64
		{265569DC-34A0-49B3-9BE3-5133199DB24D}.STUDENT Release|x86.ActiveCfg = STUDENT Release|Win32
		{265569DC-34A0-49B3-9BE3-5133199DB24D}.STUDENT Release|x86.Build.0 = STUDENT Release|Win32
		{265569DC-34A0-49B3-9BE3-5133199DB24D}.TEACHER Release|x64.ActiveCfg = TEACHER Release|x64
		{265569DC-34A0-49B3-9BE3-5133199DB24D}.TEACHER Release|x64.Build.0 = TEACHER Release|x64
		{265569DC-34A0-49B3-9BE3-5133199DB24D}.TEACHER Release|x86.ActiveCfg = TEACHER Release|Win32
		{265569DC-34A0-49B3-9BE3-5133199DB24D}.TEACHER Release|x86.Build.0 = TEACHER Release|Win32
	EndGlobalSection
	GlobalSection(SolutionProperties) = preSolution
		HideSolutionNode = FALSE
	EndGlobalSection
	GlobalSection(ExtensibilityGlobals) = postSolution
		SolutionGuid = {E78CE7E4-0ED0-4848-9042-023683557E19}
	EndGlobalSection
EndGlobal
