<?xml version="1.0" encoding="utf-8"?>
<Project ToolsVersion="4.0" xmlns="http://schemas.microsoft.com/developer/msbuild/2003">
  <ItemGroup>
    <Filter Include="源文件">
      <UniqueIdentifier>{4FC737F1-C7A5-4376-A066-2A32D752A2FF}</UniqueIdentifier>
      <Extensions>cpp;c;cc;cxx;def;odl;idl;hpj;bat;asm;asmx</Extensions>
    </Filter>
    <Filter Include="头文件">
      <UniqueIdentifier>{93995380-89BD-4b04-88EB-625FBE52EBFB}</UniqueIdentifier>
      <Extensions>h;hpp;hxx;hm;inl;inc;xsd</Extensions>
    </Filter>
    <Filter Include="资源文件">
      <UniqueIdentifier>{67DA6AB6-F800-4c08-8B7A-83BB121AAD01}</UniqueIdentifier>
      <Extensions>rc;ico;cur;bmp;dlg;rc2;rct;bin;rgs;gif;jpg;jpeg;jpe;resx;tiff;tif;png;wav;mfcribbon-ms</Extensions>
    </Filter>
    <Filter Include="头文件\Tool">
      <UniqueIdentifier>{fda0539a-277c-4a6e-872b-d3b728fc2a65}</UniqueIdentifier>
    </Filter>
    <Filter Include="头文件\Element">
      <UniqueIdentifier>{f52d9c24-d884-4e28-87ca-96eb25572d42}</UniqueIdentifier>
    </Filter>
    <Filter Include="源文件\Element">
      <UniqueIdentifier>{e6acfb16-e147-42a4-8f5c-e66d8790995a}</UniqueIdentifier>
    </Filter>
    <Filter Include="源文件\Tool">
      <UniqueIdentifier>{b8e063d9-c3f8-4ce0-96b7-99e01bf0a374}</UniqueIdentifier>
    </Filter>
    <Filter Include="源文件\Common">
      <UniqueIdentifier>{561672b9-00d9-42b4-bb80-16fc606b102e}</UniqueIdentifier>
    </Filter>
    <Filter Include="头文件\Common">
      <UniqueIdentifier>{f1ad9c79-dc98-4e28-8ab6-dc59cb8acee2}</UniqueIdentifier>
    </Filter>
  </ItemGroup>
  <ItemGroup>
    <ClCompile Include="main.cpp">
      <Filter>源文件</Filter>
    </ClCompile>
    <ClCompile Include="TManageTool.cpp">
      <Filter>源文件</Filter>
    </ClCompile>
    <ClCompile Include="TCanvas.cpp">
      <Filter>源文件</Filter>
    </ClCompile>
    <ClCompile Include="TMainWindow.cpp">
      <Filter>源文件</Filter>
    </ClCompile>
    <ClCompile Include="TDraw.cpp">
      <Filter>源文件</Filter>
    </ClCompile>
    <ClCompile Include="TShape.cpp">
      <Filter>源文件</Filter>
    </ClCompile>
    <ClCompile Include="TConfiguration.cpp">
      <Filter>源文件</Filter>
    </ClCompile>
    <ClCompile Include="TToolbar.cpp">
      <Filter>源文件</Filter>
    </ClCompile>
    <ClCompile Include="TStatus.cpp">
      <Filter>源文件</Filter>
    </ClCompile>
    <ClCompile Include="TTrackbar.cpp">
      <Filter>源文件</Filter>
    </ClCompile>
    <ClCompile Include="TEdit.cpp">
      <Filter>源文件</Filter>
    </ClCompile>
    <ClCompile Include="TLineEdit.cpp">
      <Filter>源文件</Filter>
    </ClCompile>
    <ClCompile Include="TAttach.cpp">
      <Filter>源文件</Filter>
    </ClCompile>
    <ClCompile Include="TWindow.cpp">
      <Filter>源文件</Filter>
    </ClCompile>
    <ClCompile Include="TRightWindow.cpp">
      <Filter>源文件</Filter>
    </ClCompile>
    <ClCompile Include="TListView.cpp">
      <Filter>源文件</Filter>
    </ClCompile>
    <ClCompile Include="TTreeView.cpp">
      <Filter>源文件</Filter>
    </ClCompile>
    <ClCompile Include="TTreeViewContent.cpp">
      <Filter>源文件</Filter>
    </ClCompile>
    <ClCompile Include="TControl.cpp">
      <Filter>源文件</Filter>
    </ClCompile>
    <ClCompile Include="TExpressionTree.cpp">
      <Filter>源文件</Filter>
    </ClCompile>
    <ClCompile Include="TConsole.cpp">
      <Filter>源文件</Filter>
    </ClCompile>
    <ClCompile Include="TConsoleEdit.cpp">
      <Filter>源文件</Filter>
    </ClCompile>
    <ClCompile Include="TVariableTable.cpp">
      <Filter>源文件</Filter>
    </ClCompile>
    <ClCompile Include="TEquations.cpp">
      <Filter>源文件</Filter>
    </ClCompile>
    <ClCompile Include="TSolver.cpp">
      <Filter>源文件</Filter>
    </ClCompile>
    <ClCompile Include="DialogAddDriver.cpp">
      <Filter>源文件</Filter>
    </ClCompile>
    <ClCompile Include="TGraph.cpp">
      <Filter>源文件</Filter>
    </ClCompile>
    <ClCompile Include="TListViewEdit.cpp">
      <Filter>源文件</Filter>
    </ClCompile>
    <ClCompile Include="TBar.cpp">
      <Filter>源文件\Element</Filter>
    </ClCompile>
    <ClCompile Include="TFramePoint.cpp">
      <Filter>源文件\Element</Filter>
    </ClCompile>
    <ClCompile Include="TLine.cpp">
      <Filter>源文件\Element</Filter>
    </ClCompile>
    <ClCompile Include="TSlideway.cpp">
      <Filter>源文件\Element</Filter>
    </ClCompile>
    <ClCompile Include="TElement.cpp">
      <Filter>源文件\Element</Filter>
    </ClCompile>
    <ClCompile Include="TBarTool.cpp">
      <Filter>源文件\Tool</Filter>
    </ClCompile>
    <ClCompile Include="TDragTool.cpp">
      <Filter>源文件\Tool</Filter>
    </ClCompile>
    <ClCompile Include="TLineTool.cpp">
      <Filter>源文件\Tool</Filter>
    </ClCompile>
    <ClCompile Include="TSelectTool.cpp">
      <Filter>源文件\Tool</Filter>
    </ClCompile>
    <ClCompile Include="TSlidewayTool.cpp">
      <Filter>源文件\Tool</Filter>
    </ClCompile>
    <ClCompile Include="TTool.cpp">
      <Filter>源文件\Tool</Filter>
    </ClCompile>
    <ClCompile Include="TConstraintCoincide.cpp">
      <Filter>源文件\Element</Filter>
    </ClCompile>
    <ClCompile Include="TRealLine.cpp">
      <Filter>源文件\Element</Filter>
    </ClCompile>
    <ClCompile Include="TFramePointTool.cpp">
      <Filter>源文件\Tool</Filter>
    </ClCompile>
    <ClCompile Include="TSliderTool.cpp">
      <Filter>源文件\Tool</Filter>
    </ClCompile>
    <ClCompile Include="TConstraintColinear.cpp">
      <Filter>源文件\Element</Filter>
    </ClCompile>
    <ClCompile Include="TSlider.cpp">
      <Filter>源文件\Element</Filter>
    </ClCompile>
    <ClCompile Include="DetectMemoryLeak.cpp">
      <Filter>头文件</Filter>
    </ClCompile>
    <ClCompile Include="TDialogBox.cpp">
      <Filter>源文件</Filter>
    </ClCompile>
    <ClCompile Include="TButton.cpp">
      <Filter>源文件</Filter>
    </ClCompile>
    <ClCompile Include="DialogOption.cpp">
      <Filter>源文件</Filter>
    </ClCompile>
    <ClCompile Include="TPolylineBar.cpp">
      <Filter>源文件\Element</Filter>
    </ClCompile>
    <ClCompile Include="TPolylineBarTool.cpp">
      <Filter>源文件\Tool</Filter>
    </ClCompile>
    <ClCompile Include="DPOINT.cpp">
      <Filter>源文件\Common</Filter>
    </ClCompile>
    <ClCompile Include="FileFunction.cpp">
      <Filter>源文件\Common</Filter>
    </ClCompile>
    <ClCompile Include="RegisterFunction.cpp">
      <Filter>源文件\Common</Filter>
    </ClCompile>
    <ClCompile Include="ShowMessage.cpp">
      <Filter>源文件\Common</Filter>
    </ClCompile>
    <ClCompile Include="String.cpp">
      <Filter>源文件\Common</Filter>
    </ClCompile>
    <ClCompile Include="TMyString.cpp">
      <Filter>源文件\Common</Filter>
    </ClCompile>
    <ClCompile Include="TTransfer.cpp">
      <Filter>源文件\Common</Filter>
    </ClCompile>
    <ClCompile Include="TDrawTranslucent.cpp">
      <Filter>源文件</Filter>
    </ClCompile>
    <ClCompile Include="TConstraintCoincideTool.cpp">
      <Filter>源文件\Tool</Filter>
    </ClCompile>
    <ClCompile Include="TConstraintColinearTool.cpp">
      <Filter>源文件\Tool</Filter>
    </ClCompile>
    <ClCompile Include="DialogAbout.cpp">
      <Filter>源文件</Filter>
    </ClCompile>
  </ItemGroup>
  <ItemGroup>
    <ClInclude Include="resource.h">
      <Filter>头文件</Filter>
    </ClInclude>
    <ClInclude Include="TManageTool.h">
      <Filter>头文件</Filter>
    </ClInclude>
    <ClInclude Include="TCanvas.h">
      <Filter>头文件</Filter>
    </ClInclude>
    <ClInclude Include="TMainWindow.h">
      <Filter>头文件</Filter>
    </ClInclude>
    <ClInclude Include="TDraw.h">
      <Filter>头文件</Filter>
    </ClInclude>
    <ClInclude Include="TShape.h">
      <Filter>头文件</Filter>
    </ClInclude>
    <ClInclude Include="TConfiguration.h">
      <Filter>头文件</Filter>
    </ClInclude>
    <ClInclude Include="TToolbar.h">
      <Filter>头文件</Filter>
    </ClInclude>
    <ClInclude Include="TStatus.h">
      <Filter>头文件</Filter>
    </ClInclude>
    <ClInclude Include="TTrackbar.h">
      <Filter>头文件</Filter>
    </ClInclude>
    <ClInclude Include="TEdit.h">
      <Filter>头文件</Filter>
    </ClInclude>
    <ClInclude Include="TLineEdit.h">
      <Filter>头文件</Filter>
    </ClInclude>
    <ClInclude Include="TAttach.h">
      <Filter>头文件</Filter>
    </ClInclude>
    <ClInclude Include="TWindow.h">
      <Filter>头文件</Filter>
    </ClInclude>
    <ClInclude Include="TRightWindow.h">
      <Filter>头文件</Filter>
    </ClInclude>
    <ClInclude Include="TListView.h">
      <Filter>头文件</Filter>
    </ClInclude>
    <ClInclude Include="TTreeView.h">
      <Filter>头文件</Filter>
    </ClInclude>
    <ClInclude Include="TTreeViewContent.h">
      <Filter>头文件</Filter>
    </ClInclude>
    <ClInclude Include="TControl.h">
      <Filter>头文件</Filter>
    </ClInclude>
    <ClInclude Include="TExpressionTree.h">
      <Filter>头文件</Filter>
    </ClInclude>
    <ClInclude Include="TConsole.h">
      <Filter>头文件</Filter>
    </ClInclude>
    <ClInclude Include="TConsoleEdit.h">
      <Filter>头文件</Filter>
    </ClInclude>
    <ClInclude Include="TVariableTable.h">
      <Filter>头文件</Filter>
    </ClInclude>
    <ClInclude Include="TEquations.h">
      <Filter>头文件</Filter>
    </ClInclude>
    <ClInclude Include="TSolver.h">
      <Filter>头文件</Filter>
    </ClInclude>
    <ClInclude Include="DetectMemoryLeak.h">
      <Filter>头文件</Filter>
    </ClInclude>
    <ClInclude Include="DialogAddDriver.h">
      <Filter>头文件</Filter>
    </ClInclude>
    <ClInclude Include="TGraph.h">
      <Filter>头文件</Filter>
    </ClInclude>
    <ClInclude Include="TListViewEdit.h">
      <Filter>头文件</Filter>
    </ClInclude>
    <ClInclude Include="TSelectTool.h">
      <Filter>头文件\Tool</Filter>
    </ClInclude>
    <ClInclude Include="TSlidewayTool.h">
      <Filter>头文件\Tool</Filter>
    </ClInclude>
    <ClInclude Include="TTool.h">
      <Filter>头文件\Tool</Filter>
    </ClInclude>
    <ClInclude Include="TLineTool.h">
      <Filter>头文件\Tool</Filter>
    </ClInclude>
    <ClInclude Include="TFramePointTool.h">
      <Filter>头文件\Tool</Filter>
    </ClInclude>
    <ClInclude Include="TDragTool.h">
      <Filter>头文件\Tool</Filter>
    </ClInclude>
    <ClInclude Include="TBarTool.h">
      <Filter>头文件\Tool</Filter>
    </ClInclude>
    <ClInclude Include="TElement.h">
      <Filter>头文件\Element</Filter>
    </ClInclude>
    <ClInclude Include="TLine.h">
      <Filter>头文件\Element</Filter>
    </ClInclude>
    <ClInclude Include="TRealLine.h">
      <Filter>头文件\Element</Filter>
    </ClInclude>
    <ClInclude Include="TSlideway.h">
      <Filter>头文件\Element</Filter>
    </ClInclude>
    <ClInclude Include="TFramePoint.h">
      <Filter>头文件\Element</Filter>
    </ClInclude>
    <ClInclude Include="TBar.h">
      <Filter>头文件\Element</Filter>
    </ClInclude>
    <ClInclude Include="TConstraintCoincide.h">
      <Filter>头文件\Element</Filter>
    </ClInclude>
    <ClInclude Include="TSliderTool.h">
      <Filter>头文件\Tool</Filter>
    </ClInclude>
    <ClInclude Include="TConstraintColinear.h">
      <Filter>头文件\Element</Filter>
    </ClInclude>
    <ClInclude Include="TSlider.h">
      <Filter>头文件\Element</Filter>
    </ClInclude>
    <ClInclude Include="TDialogBox.h">
      <Filter>头文件</Filter>
    </ClInclude>
    <ClInclude Include="TButton.h">
      <Filter>头文件</Filter>
    </ClInclude>
    <ClInclude Include="DialogOption.h">
      <Filter>头文件</Filter>
    </ClInclude>
    <ClInclude Include="TPolylineBarTool.h">
      <Filter>头文件\Tool</Filter>
    </ClInclude>
    <ClInclude Include="enumCtrlType.h">
      <Filter>头文件\Common</Filter>
    </ClInclude>
    <ClInclude Include="enumError.h">
      <Filter>头文件\Common</Filter>
    </ClInclude>
    <ClInclude Include="DPOINT.h">
      <Filter>头文件\Common</Filter>
    </ClInclude>
    <ClInclude Include="FileFunction.h">
      <Filter>头文件\Common</Filter>
    </ClInclude>
    <ClInclude Include="MyMath.h">
      <Filter>头文件\Common</Filter>
    </ClInclude>
    <ClInclude Include="RegisterFunction.h">
      <Filter>头文件\Common</Filter>
    </ClInclude>
    <ClInclude Include="ShowMessage.h">
      <Filter>头文件\Common</Filter>
    </ClInclude>
    <ClInclude Include="String.h">
      <Filter>头文件\Common</Filter>
    </ClInclude>
    <ClInclude Include="tchar_head.h">
      <Filter>头文件\Common</Filter>
    </ClInclude>
    <ClInclude Include="TTransfer.h">
      <Filter>头文件\Common</Filter>
    </ClInclude>
    <ClInclude Include="TMyString.h">
      <Filter>头文件\Common</Filter>
    </ClInclude>
    <ClInclude Include="TDrawTranslucent.h">
      <Filter>头文件</Filter>
    </ClInclude>
    <ClInclude Include="TPolylineBar.h">
      <Filter>头文件\Element</Filter>
    </ClInclude>
    <ClInclude Include="TConstraintCoincideTool.h">
      <Filter>头文件\Tool</Filter>
    </ClInclude>
    <ClInclude Include="TConstraintColinearTool.h">
      <Filter>头文件\Tool</Filter>
    </ClInclude>
    <ClInclude Include="DialogAbout.h">
      <Filter>头文件</Filter>
    </ClInclude>
  </ItemGroup>
  <ItemGroup>
    <ResourceCompile Include="Mechanism Design System.rc">
      <Filter>资源文件</Filter>
    </ResourceCompile>
  </ItemGroup>
  <ItemGroup>
    <Image Include="Resource\toolbar_mechanism.bmp">
      <Filter>资源文件</Filter>
    </Image>
    <Image Include="Resource\Icon.ico">
      <Filter>资源文件</Filter>
    </Image>
    <Image Include="Resource\Icon_16.ico">
      <Filter>资源文件</Filter>
    </Image>
    <Image Include="Resource\bitmap_show_real.bmp">
      <Filter>资源文件</Filter>
    </Image>
    <Image Include="Resource\bitmap_show_simple.bmp">
      <Filter>资源文件</Filter>
    </Image>
    <Image Include="Resource\file_icon.ico">
      <Filter>资源文件</Filter>
    </Image>
    <Image Include="Resource\BITMAP_THEME_BRIGHT.bmp">
      <Filter>资源文件</Filter>
    </Image>
    <Image Include="Resource\BITMAP_THEME_DARK.bmp">
      <Filter>资源文件</Filter>
    </Image>
    <Image Include="Resource\BITMAP_SCHOOL.bmp">
      <Filter>资源文件</Filter>
    </Image>
  </ItemGroup>
  <ItemGroup>
    <None Include="ClassDiagram.cd" />
  </ItemGroup>
</Project>